# This is a Gradle generated file for dependency locking.
# Manual edits can break the build and are not advised.
# This file is expected to be part of source control.
# To regenerate this file, run: ./gradlew :dependencies --write-locks
com.google.auto.service:auto-service-annotations:1.1.1=testCompileClasspath,testRuntimeClasspath
com.google.errorprone:error_prone_annotations:2.47.0=testCompileClasspath,testRuntimeClasspath
com.google.guava:failureaccess:1.0.3=testCompileClasspath,testRuntimeClasspath
com.google.guava:guava:33.6.0-jre=testCompileClasspath,testRuntimeClasspath
com.google.guava:listenablefuture:9999.0-empty-to-avoid-conflict-with-guava=testCompileClasspath,testRuntimeClasspath
com.google.j2objc:j2objc-annotations:3.1=testCompileClasspath,testRuntimeClasspath
io.cucumber:ci-environment:12.0.0=testCompileClasspath,testRuntimeClasspath
io.cucumber:cucumber-core:7.34.4=testCompileClasspath,testRuntimeClasspath
io.cucumber:cucumber-expressions:18.1.0=testCompileClasspath,testRuntimeClasspath
io.cucumber:cucumber-gherkin-messages:7.34.4=testCompileClasspath,testRuntimeClasspath
io.cucumber:cucumber-gherkin:7.34.4=testCompileClasspath,testRuntimeClasspath
io.cucumber:cucumber-java:7.34.4=testCompileClasspath,testRuntimeClasspath
io.cucumber:cucumber-json-formatter:0.3.2=testCompileClasspath,testRuntimeClasspath
io.cucumber:cucumber-plugin:7.34.4=testCompileClasspath,testRuntimeClasspath
io.cucumber:cucumber-testng:7.34.4=testCompileClasspath,testRuntimeClasspath
io.cucumber:datatable:7.34.4=testCompileClasspath,testRuntimeClasspath
io.cucumber:docstring:7.34.4=testCompileClasspath,testRuntimeClasspath
io.cucumber:gherkin:36.1.0=testCompileClasspath,testRuntimeClasspath
io.cucumber:html-formatter:22.3.0=testCompileClasspath,testRuntimeClasspath
io.cucumber:junit-xml-formatter:0.11.0=testCompileClasspath,testRuntimeClasspath
io.cucumber:messages-ndjson:0.3.4=testCompileClasspath,testRuntimeClasspath
io.cucumber:messages:30.1.0=testCompileClasspath,testRuntimeClasspath
io.cucumber:pretty-formatter:2.4.1=testCompileClasspath,testRuntimeClasspath
io.cucumber:query:14.7.0=testCompileClasspath,testRuntimeClasspath
io.cucumber:tag-expressions:8.1.0=testCompileClasspath,testRuntimeClasspath
io.cucumber:teamcity-formatter:0.2.0=testCompileClasspath,testRuntimeClasspath
io.cucumber:testng-xml-formatter:0.7.0=testCompileClasspath,testRuntimeClasspath
io.cucumber:usage-formatter:0.1.0=testCompileClasspath,testRuntimeClasspath
io.opentelemetry:opentelemetry-api:1.64.0=testCompileClasspath,testRuntimeClasspath
io.opentelemetry:opentelemetry-common:1.64.0=testCompileClasspath,testRuntimeClasspath
io.opentelemetry:opentelemetry-context:1.64.0=testCompileClasspath,testRuntimeClasspath
io.opentelemetry:opentelemetry-exporter-logging:1.64.0=testCompileClasspath,testRuntimeClasspath
io.opentelemetry:opentelemetry-sdk-common:1.64.0=testCompileClasspath,testRuntimeClasspath
io.opentelemetry:opentelemetry-sdk-extension-autoconfigure-spi:1.64.0=testCompileClasspath,testRuntimeClasspath
io.opentelemetry:opentelemetry-sdk-extension-autoconfigure:1.64.0=testCompileClasspath,testRuntimeClasspath
io.opentelemetry:opentelemetry-sdk-logs:1.64.0=testCompileClasspath,testRuntimeClasspath
io.opentelemetry:opentelemetry-sdk-metrics:1.64.0=testCompileClasspath,testRuntimeClasspath
io.opentelemetry:opentelemetry-sdk-trace:1.64.0=testCompileClasspath,testRuntimeClasspath
io.opentelemetry:opentelemetry-sdk:1.64.0=testCompileClasspath,testRuntimeClasspath
net.bytebuddy:byte-buddy:1.18.11=testCompileClasspath,testRuntimeClasspath
org.apiguardian:apiguardian-api:1.1.2=testCompileClasspath,testRuntimeClasspath
org.jcommander:jcommander:1.83=testCompileClasspath,testRuntimeClasspath
org.jspecify:jspecify:1.0.0=testCompileClasspath,testRuntimeClasspath
org.seleniumhq.selenium:selenium-api:4.46.0=testCompileClasspath,testRuntimeClasspath
org.seleniumhq.selenium:selenium-chrome-driver:4.46.0=testCompileClasspath,testRuntimeClasspath
org.seleniumhq.selenium:selenium-chromium-driver:4.46.0=testCompileClasspath,testRuntimeClasspath
org.seleniumhq.selenium:selenium-devtools-latest:4.46.0=testCompileClasspath,testRuntimeClasspath
org.seleniumhq.selenium:selenium-devtools-v148:4.46.0=testCompileClasspath,testRuntimeClasspath
org.seleniumhq.selenium:selenium-devtools-v149:4.46.0=testCompileClasspath,testRuntimeClasspath
org.seleniumhq.selenium:selenium-devtools-v150:4.46.0=testCompileClasspath,testRuntimeClasspath
org.seleniumhq.selenium:selenium-edge-driver:4.46.0=testCompileClasspath,testRuntimeClasspath
org.seleniumhq.selenium:selenium-firefox-driver:4.46.0=testCompileClasspath,testRuntimeClasspath
org.seleniumhq.selenium:selenium-http:4.46.0=testCompileClasspath,testRuntimeClasspath
org.seleniumhq.selenium:selenium-ie-driver:4.46.0=testCompileClasspath,testRuntimeClasspath
org.seleniumhq.selenium:selenium-java:4.46.0=testCompileClasspath,testRuntimeClasspath
org.seleniumhq.selenium:selenium-json:4.46.0=testCompileClasspath,testRuntimeClasspath
org.seleniumhq.selenium:selenium-manager:4.46.0=testCompileClasspath,testRuntimeClasspath
org.seleniumhq.selenium:selenium-os:4.46.0=testCompileClasspath,testRuntimeClasspath
org.seleniumhq.selenium:selenium-remote-driver:4.46.0=testCompileClasspath,testRuntimeClasspath
org.seleniumhq.selenium:selenium-safari-driver:4.46.0=testCompileClasspath,testRuntimeClasspath
org.seleniumhq.selenium:selenium-support:4.46.0=testCompileClasspath,testRuntimeClasspath
org.slf4j:slf4j-api:2.0.16=testCompileClasspath,testRuntimeClasspath
org.testng:testng:7.12.0=testCompileClasspath,testRuntimeClasspath
org.webjars:jquery:3.7.1=testRuntimeClasspath
empty=annotationProcessor,compileClasspath,runtimeClasspath,testAnnotationProcessor
